
Microsoft Visual Studio Solution File, Format Version 12.00
# Visual Studio 14
VisualStudioVersion = 14.0.24720.0
MinimumVisualStudioVersion = 10.0.40219.1
Project("{FAE04EC0-301F-11D3-BF4B-00C04F79EFBC}") = "StringCalculator", "StringCalculator\StringCalculator.csproj", "{9BA0F405-15C2-48C6-BE47-D3C73C0B599E}"
EndProject
Project("{FAE04EC0-301F-11D3-BF4B-00C04F79EFBC}") = "StringCalculator.Tests", "StringCalculator.Tests\StringCalculator.Tests.csproj", "{8A122E13-EEDC-4DF8-8C01-589A4F48467C}"
EndProject
Global
	GlobalSection(SolutionConfigurationPlatforms) = preSolution
		Debug|Any CPU = Debug|Any CPU
		Release|Any CPU = Release|Any CPU
	EndGlobalSection
	GlobalSection(ProjectConfigurationPlatforms) = postSolution
		{9BA0F405-15C2-48C6-BE47-D3C73C0B599E}.Debug|Any CPU.ActiveCfg = Debug|Any CPU
		{9BA0F405-15C2-48C6-BE47-D3C73C0B599E}.Debug|Any CPU.Build.0 = Debug|Any CPU
		{9BA0F405-15C2-48C6-BE47-D3C73C0B599E}.Release|Any CPU.ActiveCfg = Release|Any CPU
		{9BA0F405-15C2-48C6-BE47-D3C73C0B599E}.Release|Any CPU.Build.0 = Release|Any CPU
		{8A122E13-EEDC-4DF8-8C01-589A4F48467C}.Debug|Any CPU.ActiveCfg = Debug|Any CPU
		{8A122E13-EEDC-4DF8-8C01-589A4F48467C}.Debug|Any CPU.Build.0 = Debug|Any CPU
		{8A122E13-EEDC-4DF8-8C01-589A4F48467C}.Release|Any CPU.ActiveCfg = Release|Any CPU
		{8A122E13-EEDC-4DF8-8C01-589A4F48467C}.Release|Any CPU.Build.0 = Release|Any CPU
	EndGlobalSection
	GlobalSection(SolutionProperties) = preSolution
		HideSolutionNode = FALSE
	EndGlobalSection
EndGlobal
